
Microsoft Visual Studio Solution File, Format Version 12.00
# Visual Studio 2013
VisualStudioVersion = 12.0.31101.0
MinimumVisualStudioVersion = 10.0.40219.1
Project("{FAE04EC0-301F-11D3-BF4B-00C04F79EFBC}") = "Test Client", "Test Client\Test Client.csproj", "{6C6D8A38-6181-4849-83EC-B179217B1AED}"
EndProject
Project("{FAE04EC0-301F-11D3-BF4B-00C04F79EFBC}") = "SharpGPG", "SharpGPG\SharpGPG.csproj", "{6F0C7B07-FA54-43DF-9E52-E4DD989F0875}"
EndProject
Global
	GlobalSection(SolutionConfigurationPlatforms) = preSolution
		Debug|Any CPU = Debug|Any CPU
		Debug|x86 = Debug|x86
		Release|Any CPU = Release|Any CPU
		Release|x86 = Release|x86
	EndGlobalSection
	GlobalSection(ProjectConfigurationPlatforms) = postSolution
		{6C6D8A38-6181-4849-83EC-B179217B1AED}.Debug|Any CPU.ActiveCfg = Debug|Any CPU
		{6C6D8A38-6181-4849-83EC-B179217B1AED}.Debug|Any CPU.Build.0 = Debug|Any CPU
		{6C6D8A38-6181-4849-83EC-B179217B1AED}.Debug|x86.ActiveCfg = Debug|Any CPU
		{6C6D8A38-6181-4849-83EC-B179217B1AED}.Release|Any CPU.ActiveCfg = Release|Any CPU
		{6C6D8A38-6181-4849-83EC-B179217B1AED}.Release|Any CPU.Build.0 = Release|Any CPU
		{6C6D8A38-6181-4849-83EC-B179217B1AED}.Release|x86.ActiveCfg = Release|Any CPU
		{6F0C7B07-FA54-43DF-9E52-E4DD989F0875}.Debug|Any CPU.ActiveCfg = Debug|Any CPU
		{6F0C7B07-FA54-43DF-9E52-E4DD989F0875}.Debug|Any CPU.Build.0 = Debug|Any CPU
		{6F0C7B07-FA54-43DF-9E52-E4DD989F0875}.Debug|x86.ActiveCfg = Debug|Any CPU
		{6F0C7B07-FA54-43DF-9E52-E4DD989F0875}.Release|Any CPU.ActiveCfg = Release|Any CPU
		{6F0C7B07-FA54-43DF-9E52-E4DD989F0875}.Release|Any CPU.Build.0 = Release|Any CPU
		{6F0C7B07-FA54-43DF-9E52-E4DD989F0875}.Release|x86.ActiveCfg = Release|Any CPU
	EndGlobalSection
	GlobalSection(SolutionProperties) = preSolution
		HideSolutionNode = FALSE
	EndGlobalSection
EndGlobal
